
Microsoft Visual Studio Solution File, Format Version 12.00
# Visual Studio Version 16
VisualStudioVersion = 16.0.30907.101
MinimumVisualStudioVersion = 10.0.40219.1
Project("{2150E333-8FDC-42A3-9474-1A3956D46DE8}") = "1 - Testes de unidade", "1 - Testes de unidade", "{A7E0DE00-C8AD-4A40-A637-399B3F93C635}"
EndProject
Project("{2150E333-8FDC-42A3-9474-1A3956D46DE8}") = "1.1 - Testes básicos", "1.1 - Testes básicos", "{294A7EE3-56AD-4A27-9520-39C3940B97B0}"
EndProject
Project("{9A19103F-16F7-4668-BE54-9A1E7A4F7556}") = "Demo", "Demo\Demo.csproj", "{0CB74D37-DBF2-4B3C-8F9A-C88138A456F0}"
EndProject
Project("{9A19103F-16F7-4668-BE54-9A1E7A4F7556}") = "Demo.Tests", "Demo.Tests\Demo.Tests.csproj", "{379624F2-DFBB-4EE0-BCAB-C34C23C8F228}"
EndProject
Project("{2150E333-8FDC-42A3-9474-1A3956D46DE8}") = "2.2 - Recursos", "2.2 - Recursos", "{AA3B43DD-CB14-4412-BC91-C567BFE07F02}"
EndProject
Project("{9A19103F-16F7-4668-BE54-9A1E7A4F7556}") = "Recursos", "Recursos\Recursos.csproj", "{E6964BC7-9BC9-440B-89D5-263A1EC0B483}"
EndProject
Project("{9A19103F-16F7-4668-BE54-9A1E7A4F7556}") = "Recursos.Tests", "Recursos.Tests\Recursos.Tests.csproj", "{FF4B0B38-B19F-4B37-A899-849C186AC91A}"
EndProject
Project("{2150E333-8FDC-42A3-9474-1A3956D46DE8}") = "2 - TDD", "2 - TDD", "{75654A66-5A7A-44F3-B936-3A3B65D72BFD}"
EndProject
Project("{2150E333-8FDC-42A3-9474-1A3956D46DE8}") = "Tests", "Tests", "{C524A236-065F-4AC5-B2C0-7E49BF774E4A}"
EndProject
Project("{FAE04EC0-301F-11D3-BF4B-00C04F79EFBC}") = "NerdStore.Vendas.Application.Tests", "NerdStore.Vendas.Application.Tests\NerdStore.Vendas.Application.Tests.csproj", "{60ADF759-46BB-4C79-96D9-400EBD13147D}"
EndProject
Project("{FAE04EC0-301F-11D3-BF4B-00C04F79EFBC}") = "NerdStore.Vendas.Domain.Tests", "NerdStore.Vendas.Domain.Tests\NerdStore.Vendas.Domain.Tests.csproj", "{21E2A2AF-0635-4C53-95D8-F3AC99D50915}"
EndProject
Project("{FAE04EC0-301F-11D3-BF4B-00C04F79EFBC}") = "NerdStore.Core", "NerdStore.Core\NerdStore.Core.csproj", "{9AD16D6A-6AF7-4F7E-B310-31C77D9F5F5C}"
EndProject
Project("{FAE04EC0-301F-11D3-BF4B-00C04F79EFBC}") = "NerdStore.Vendas.Application", "NerdStore.Vendas.Application\NerdStore.Vendas.Application.csproj", "{EEC4875E-5262-481C-9E69-B8727580E249}"
EndProject
Project("{FAE04EC0-301F-11D3-BF4B-00C04F79EFBC}") = "NerdStore.Vendas.Data", "NerdStore.Vendas.Data\NerdStore.Vendas.Data.csproj", "{63728318-105C-4AAA-9211-1287092D103A}"
EndProject
Project("{FAE04EC0-301F-11D3-BF4B-00C04F79EFBC}") = "NerdStore.Vendas.Domain", "NerdStore.Vendas.Domain\NerdStore.Vendas.Domain.csproj", "{B7FD283B-DEDD-4C7F-9014-A0373FB456B4}"
EndProject
Global
	GlobalSection(SolutionConfigurationPlatforms) = preSolution
		Debug|Any CPU = Debug|Any CPU
		Release|Any CPU = Release|Any CPU
	EndGlobalSection
	GlobalSection(ProjectConfigurationPlatforms) = postSolution
		{0CB74D37-DBF2-4B3C-8F9A-C88138A456F0}.Debug|Any CPU.ActiveCfg = Debug|Any CPU
		{0CB74D37-DBF2-4B3C-8F9A-C88138A456F0}.Debug|Any CPU.Build.0 = Debug|Any CPU
		{0CB74D37-DBF2-4B3C-8F9A-C88138A456F0}.Release|Any CPU.ActiveCfg = Release|Any CPU
		{0CB74D37-DBF2-4B3C-8F9A-C88138A456F0}.Release|Any CPU.Build.0 = Release|Any CPU
		{379624F2-DFBB-4EE0-BCAB-C34C23C8F228}.Debug|Any CPU.ActiveCfg = Debug|Any CPU
		{379624F2-DFBB-4EE0-BCAB-C34C23C8F228}.Debug|Any CPU.Build.0 = Debug|Any CPU
		{379624F2-DFBB-4EE0-BCAB-C34C23C8F228}.Release|Any CPU.ActiveCfg = Release|Any CPU
		{379624F2-DFBB-4EE0-BCAB-C34C23C8F228}.Release|Any CPU.Build.0 = Release|Any CPU
		{E6964BC7-9BC9-440B-89D5-263A1EC0B483}.Debug|Any CPU.ActiveCfg = Debug|Any CPU
		{E6964BC7-9BC9-440B-89D5-263A1EC0B483}.Debug|Any CPU.Build.0 = Debug|Any CPU
		{E6964BC7-9BC9-440B-89D5-263A1EC0B483}.Release|Any CPU.ActiveCfg = Release|Any CPU
		{E6964BC7-9BC9-440B-89D5-263A1EC0B483}.Release|Any CPU.Build.0 = Release|Any CPU
		{FF4B0B38-B19F-4B37-A899-849C186AC91A}.Debug|Any CPU.ActiveCfg = Debug|Any CPU
		{FF4B0B38-B19F-4B37-A899-849C186AC91A}.Debug|Any CPU.Build.0 = Debug|Any CPU
		{FF4B0B38-B19F-4B37-A899-849C186AC91A}.Release|Any CPU.ActiveCfg = Release|Any CPU
		{FF4B0B38-B19F-4B37-A899-849C186AC91A}.Release|Any CPU.Build.0 = Release|Any CPU
		{60ADF759-46BB-4C79-96D9-400EBD13147D}.Debug|Any CPU.ActiveCfg = Debug|Any CPU
		{60ADF759-46BB-4C79-96D9-400EBD13147D}.Debug|Any CPU.Build.0 = Debug|Any CPU
		{60ADF759-46BB-4C79-96D9-400EBD13147D}.Release|Any CPU.ActiveCfg = Release|Any CPU
		{60ADF759-46BB-4C79-96D9-400EBD13147D}.Release|Any CPU.Build.0 = Release|Any CPU
		{21E2A2AF-0635-4C53-95D8-F3AC99D50915}.Debug|Any CPU.ActiveCfg = Debug|Any CPU
		{21E2A2AF-0635-4C53-95D8-F3AC99D50915}.Debug|Any CPU.Build.0 = Debug|Any CPU
		{21E2A2AF-0635-4C53-95D8-F3AC99D50915}.Release|Any CPU.ActiveCfg = Release|Any CPU
		{21E2A2AF-0635-4C53-95D8-F3AC99D50915}.Release|Any CPU.Build.0 = Release|Any CPU
		{9AD16D6A-6AF7-4F7E-B310-31C77D9F5F5C}.Debug|Any CPU.ActiveCfg = Debug|Any CPU
		{9AD16D6A-6AF7-4F7E-B310-31C77D9F5F5C}.Debug|Any CPU.Build.0 = Debug|Any CPU
		{9AD16D6A-6AF7-4F7E-B310-31C77D9F5F5C}.Release|Any CPU.ActiveCfg = Release|Any CPU
		{9AD16D6A-6AF7-4F7E-B310-31C77D9F5F5C}.Release|Any CPU.Build.0 = Release|Any CPU
		{EEC4875E-5262-481C-9E69-B8727580E249}.Debug|Any CPU.ActiveCfg = Debug|Any CPU
		{EEC4875E-5262-481C-9E69-B8727580E249}.Debug|Any CPU.Build.0 = Debug|Any CPU
		{EEC4875E-5262-481C-9E69-B8727580E249}.Release|Any CPU.ActiveCfg = Release|Any CPU
		{EEC4875E-5262-481C-9E69-B8727580E249}.Release|Any CPU.Build.0 = Release|Any CPU
		{63728318-105C-4AAA-9211-1287092D103A}.Debug|Any CPU.ActiveCfg = Debug|Any CPU
		{63728318-105C-4AAA-9211-1287092D103A}.Debug|Any CPU.Build.0 = Debug|Any CPU
		{63728318-105C-4AAA-9211-1287092D103A}.Release|Any CPU.ActiveCfg = Release|Any CPU
		{63728318-105C-4AAA-9211-1287092D103A}.Release|Any CPU.Build.0 = Release|Any CPU
		{B7FD283B-DEDD-4C7F-9014-A0373FB456B4}.Debug|Any CPU.ActiveCfg = Debug|Any CPU
		{B7FD283B-DEDD-4C7F-9014-A0373FB456B4}.Debug|Any CPU.Build.0 = Debug|Any CPU
		{B7FD283B-DEDD-4C7F-9014-A0373FB456B4}.Release|Any CPU.ActiveCfg = Release|Any CPU
		{B7FD283B-DEDD-4C7F-9014-A0373FB456B4}.Release|Any CPU.Build.0 = Release|Any CPU
	EndGlobalSection
	GlobalSection(SolutionProperties) = preSolution
		HideSolutionNode = FALSE
	EndGlobalSection
	GlobalSection(NestedProjects) = preSolution
		{294A7EE3-56AD-4A27-9520-39C3940B97B0} = {A7E0DE00-C8AD-4A40-A637-399B3F93C635}
		{0CB74D37-DBF2-4B3C-8F9A-C88138A456F0} = {294A7EE3-56AD-4A27-9520-39C3940B97B0}
		{379624F2-DFBB-4EE0-BCAB-C34C23C8F228} = {294A7EE3-56AD-4A27-9520-39C3940B97B0}
		{AA3B43DD-CB14-4412-BC91-C567BFE07F02} = {A7E0DE00-C8AD-4A40-A637-399B3F93C635}
		{E6964BC7-9BC9-440B-89D5-263A1EC0B483} = {AA3B43DD-CB14-4412-BC91-C567BFE07F02}
		{FF4B0B38-B19F-4B37-A899-849C186AC91A} = {AA3B43DD-CB14-4412-BC91-C567BFE07F02}
		{C524A236-065F-4AC5-B2C0-7E49BF774E4A} = {75654A66-5A7A-44F3-B936-3A3B65D72BFD}
		{60ADF759-46BB-4C79-96D9-400EBD13147D} = {C524A236-065F-4AC5-B2C0-7E49BF774E4A}
		{21E2A2AF-0635-4C53-95D8-F3AC99D50915} = {C524A236-065F-4AC5-B2C0-7E49BF774E4A}
		{9AD16D6A-6AF7-4F7E-B310-31C77D9F5F5C} = {75654A66-5A7A-44F3-B936-3A3B65D72BFD}
		{EEC4875E-5262-481C-9E69-B8727580E249} = {75654A66-5A7A-44F3-B936-3A3B65D72BFD}
		{63728318-105C-4AAA-9211-1287092D103A} = {75654A66-5A7A-44F3-B936-3A3B65D72BFD}
		{B7FD283B-DEDD-4C7F-9014-A0373FB456B4} = {75654A66-5A7A-44F3-B936-3A3B65D72BFD}
	EndGlobalSection
	GlobalSection(ExtensibilityGlobals) = postSolution
		SolutionGuid = {7D73272C-0F0A-41A9-9762-2B2E75739A44}
	EndGlobalSection
EndGlobal
